
Microsoft Visual Studio Solution File, Format Version 12.00
# Visual Studio Version 16
VisualStudioVersion = 16.0.30114.105
MinimumVisualStudioVersion = 10.0.40219.1
Project("{FAE04EC0-301F-11D3-BF4B-00C04F79EFBC}") = "API", "API\API.csproj", "{415AFFE9-3D91-4FDD-A1A1-C31035DCE2C0}"
EndProject
Project("{FAE04EC0-301F-11D3-BF4B-00C04F79EFBC}") = "Application", "Application\Application.csproj", "{93763990-D83B-42E9-AC5D-1C6040487B6B}"
EndProject
Project("{FAE04EC0-301F-11D3-BF4B-00C04F79EFBC}") = "Persistence", "Persistence\Persistence.csproj", "{A65CC7B7-811D-434B-B382-7338EA4A2D7D}"
EndProject
Project("{FAE04EC0-301F-11D3-BF4B-00C04F79EFBC}") = "Domain", "Domain\Domain.csproj", "{0745DC74-A560-4E65-9834-2323408B0DCA}"
EndProject
Global
	GlobalSection(SolutionConfigurationPlatforms) = preSolution
		Debug|Any CPU = Debug|Any CPU
		Release|Any CPU = Release|Any CPU
	EndGlobalSection
	GlobalSection(SolutionProperties) = preSolution
		HideSolutionNode = FALSE
	EndGlobalSection
	GlobalSection(ProjectConfigurationPlatforms) = postSolution
		{415AFFE9-3D91-4FDD-A1A1-C31035DCE2C0}.Debug|Any CPU.ActiveCfg = Debug|Any CPU
		{415AFFE9-3D91-4FDD-A1A1-C31035DCE2C0}.Debug|Any CPU.Build.0 = Debug|Any CPU
		{415AFFE9-3D91-4FDD-A1A1-C31035DCE2C0}.Release|Any CPU.ActiveCfg = Release|Any CPU
		{415AFFE9-3D91-4FDD-A1A1-C31035DCE2C0}.Release|Any CPU.Build.0 = Release|Any CPU
		{93763990-D83B-42E9-AC5D-1C6040487B6B}.Debug|Any CPU.ActiveCfg = Debug|Any CPU
		{93763990-D83B-42E9-AC5D-1C6040487B6B}.Debug|Any CPU.Build.0 = Debug|Any CPU
		{93763990-D83B-42E9-AC5D-1C6040487B6B}.Release|Any CPU.ActiveCfg = Release|Any CPU
		{93763990-D83B-42E9-AC5D-1C6040487B6B}.Release|Any CPU.Build.0 = Release|Any CPU
		{A65CC7B7-811D-434B-B382-7338EA4A2D7D}.Debug|Any CPU.ActiveCfg = Debug|Any CPU
		{A65CC7B7-811D-434B-B382-7338EA4A2D7D}.Debug|Any CPU.Build.0 = Debug|Any CPU
		{A65CC7B7-811D-434B-B382-7338EA4A2D7D}.Release|Any CPU.ActiveCfg = Release|Any CPU
		{A65CC7B7-811D-434B-B382-7338EA4A2D7D}.Release|Any CPU.Build.0 = Release|Any CPU
		{0745DC74-A560-4E65-9834-2323408B0DCA}.Debug|Any CPU.ActiveCfg = Debug|Any CPU
		{0745DC74-A560-4E65-9834-2323408B0DCA}.Debug|Any CPU.Build.0 = Debug|Any CPU
		{0745DC74-A560-4E65-9834-2323408B0DCA}.Release|Any CPU.ActiveCfg = Release|Any CPU
		{0745DC74-A560-4E65-9834-2323408B0DCA}.Release|Any CPU.Build.0 = Release|Any CPU
	EndGlobalSection
EndGlobal
